// !$*UTF8*$!
{
	archiveVersion = 1;
	classes = {
	};
	objectVersion = 46;
	objects = {

/* Begin PBXBuildFile section */
		C22E957319605FE8001B8745 /* Foundation.framework in Frameworks */ = {isa = PBXBuildFile; fileRef = C22E957219605FE8001B8745 /* Foundation.framework */; };
		C22E957519605FE8001B8745 /* CoreGraphics.framework in Frameworks */ = {isa = PBXBuildFile; fileRef = C22E957419605FE8001B8745 /* CoreGraphics.framework */; };
		C22E957719605FE8001B8745 /* UIKit.framework in Frameworks */ = {isa = PBXBuildFile; fileRef = C22E957619605FE8001B8745 /* UIKit.framework */; };
		C22E957D19605FE8001B8745 /* InfoPlist.strings in Resources */ = {isa = PBXBuildFile; fileRef = C22E957B19605FE8001B8745 /* InfoPlist.strings */; };
		C22E957F19605FE8001B8745 /* main.m in Sources */ = {isa = PBXBuildFile; fileRef = C22E957E19605FE8001B8745 /* main.m */; };
		C22E958519605FE8001B8745 /* Images.xcassets in Resources */ = {isa = PBXBuildFile; fileRef = C22E958419605FE8001B8745 /* Images.xcassets */; };
		C22E958C19605FE8001B8745 /* XCTest.framework in Frameworks */ = {isa = PBXBuildFile; fileRef = C22E958B19605FE8001B8745 /* XCTest.framework */; };
		C22E958D19605FE8001B8745 /* Foundation.framework in Frameworks */ = {isa = PBXBuildFile; fileRef = C22E957219605FE8001B8745 /* Foundation.framework */; };
		C22E958E19605FE8001B8745 /* UIKit.framework in Frameworks */ = {isa = PBXBuildFile; fileRef = C22E957619605FE8001B8745 /* UIKit.framework */; };
		C22E959619605FE8001B8745 /* InfoPlist.strings in Resources */ = {isa = PBXBuildFile; fileRef = C22E959419605FE8001B8745 /* InfoPlist.strings */; };
		C22E959819605FE8001B8745 /* ShadowNewsTests.m in Sources */ = {isa = PBXBuildFile; fileRef = C22E959719605FE8001B8745 /* ShadowNewsTests.m */; };
		C22E95A219606399001B8745 /* README.md in Resources */ = {isa = PBXBuildFile; fileRef = C22E95A119606399001B8745 /* README.md */; };
		C22E95C0196063AC001B8745 /* SNAppDelegate.m in Sources */ = {isa = PBXBuildFile; fileRef = C22E95A6196063AC001B8745 /* SNAppDelegate.m */; };
		C22E95C1196063AC001B8745 /* FMDatabase.m in Sources */ = {isa = PBXBuildFile; fileRef = C22E95AD196063AC001B8745 /* FMDatabase.m */; };
		C22E95C2196063AC001B8745 /* FMDatabaseAdditions.m in Sources */ = {isa = PBXBuildFile; fileRef = C22E95AF196063AC001B8745 /* FMDatabaseAdditions.m */; };
		C22E95C3196063AC001B8745 /* FMDatabasePool.m in Sources */ = {isa = PBXBuildFile; fileRef = C22E95B1196063AC001B8745 /* FMDatabasePool.m */; };
		C22E95C4196063AC001B8745 /* FMDatabaseQueue.m in Sources */ = {isa = PBXBuildFile; fileRef = C22E95B3196063AC001B8745 /* FMDatabaseQueue.m */; };
		C22E95C5196063AC001B8745 /* FMResultSet.m in Sources */ = {isa = PBXBuildFile; fileRef = C22E95B6196063AC001B8745 /* FMResultSet.m */; };
		C22E95CA196063AC001B8745 /* YFDataBase.m in Sources */ = {isa = PBXBuildFile; fileRef = C22E95BD196063AC001B8745 /* YFDataBase.m */; };
		C2FC18391960EF0000610CCA /* SNShadowNewsModel.m in Sources */ = {isa = PBXBuildFile; fileRef = C2FC18381960EF0000610CCA /* SNShadowNewsModel.m */; };
		C2FC183C1960EF3E00610CCA /* SNMainController.m in Sources */ = {isa = PBXBuildFile; fileRef = C2FC183B1960EF3E00610CCA /* SNMainController.m */; };
		C2FC18791961032B00610CCA /* libsqlite3.0.dylib in Frameworks */ = {isa = PBXBuildFile; fileRef = C2FC18781961032B00610CCA /* libsqlite3.0.dylib */; };
		C2FC18921961104F00610CCA /* AFHTTPRequestOperation.m in Sources */ = {isa = PBXBuildFile; fileRef = C2FC18801961104F00610CCA /* AFHTTPRequestOperation.m */; settings = {COMPILER_FLAGS = "-fobjc-arc"; }; };
		C2FC18931961104F00610CCA /* AFHTTPRequestOperationManager.m in Sources */ = {isa = PBXBuildFile; fileRef = C2FC18821961104F00610CCA /* AFHTTPRequestOperationManager.m */; settings = {COMPILER_FLAGS = "-fobjc-arc"; }; };
		C2FC18941961104F00610CCA /* AFHTTPSessionManager.m in Sources */ = {isa = PBXBuildFile; fileRef = C2FC18841961104F00610CCA /* AFHTTPSessionManager.m */; settings = {COMPILER_FLAGS = "-fobjc-arc"; }; };
		C2FC18951961104F00610CCA /* AFNetworkReachabilityManager.m in Sources */ = {isa = PBXBuildFile; fileRef = C2FC18871961104F00610CCA /* AFNetworkReachabilityManager.m */; settings = {COMPILER_FLAGS = "-fobjc-arc"; }; };
		C2FC18961961104F00610CCA /* AFSecurityPolicy.m in Sources */ = {isa = PBXBuildFile; fileRef = C2FC18891961104F00610CCA /* AFSecurityPolicy.m */; settings = {COMPILER_FLAGS = "-fobjc-arc"; }; };
		C2FC18971961104F00610CCA /* AFURLConnectionOperation.m in Sources */ = {isa = PBXBuildFile; fileRef = C2FC188B1961104F00610CCA /* AFURLConnectionOperation.m */; settings = {COMPILER_FLAGS = "-fobjc-arc"; }; };
		C2FC18981961104F00610CCA /* AFURLRequestSerialization.m in Sources */ = {isa = PBXBuildFile; fileRef = C2FC188D1961104F00610CCA /* AFURLRequestSerialization.m */; settings = {COMPILER_FLAGS = "-fobjc-arc"; }; };
		C2FC18991961104F00610CCA /* AFURLResponseSerialization.m in Sources */ = {isa = PBXBuildFile; fileRef = C2FC188F1961104F00610CCA /* AFURLResponseSerialization.m */; settings = {COMPILER_FLAGS = "-fobjc-arc"; }; };
		C2FC189A1961104F00610CCA /* AFURLSessionManager.m in Sources */ = {isa = PBXBuildFile; fileRef = C2FC18911961104F00610CCA /* AFURLSessionManager.m */; settings = {COMPILER_FLAGS = "-fobjc-arc"; }; };
		C2FC18A31961165400610CCA /* SNNavigationController.m in Sources */ = {isa = PBXBuildFile; fileRef = C2FC18A21961165400610CCA /* SNNavigationController.m */; };
		C2FC18A71961175A00610CCA /* Base64.m in Sources */ = {isa = PBXBuildFile; fileRef = C2FC18A61961175A00610CCA /* Base64.m */; settings = {COMPILER_FLAGS = "-fobjc-arc"; }; };
		C2FC18AB1961231F00610CCA /* bug.md in Resources */ = {isa = PBXBuildFile; fileRef = C2FC18AA1961231F00610CCA /* bug.md */; };
/* End PBXBuildFile section */

/* Begin PBXContainerItemProxy section */
		C22E958F19605FE8001B8745 /* PBXContainerItemProxy */ = {
			isa = PBXContainerItemProxy;
			containerPortal = C22E956719605FE8001B8745 /* Project object */;
			proxyType = 1;
			remoteGlobalIDString = C22E956E19605FE8001B8745;
			remoteInfo = ShadowNews;
		};
/* End PBXContainerItemProxy section */

/* Begin PBXFileReference section */
		C22E956F19605FE8001B8745 /* ShadowNews.app */ = {isa = PBXFileReference; explicitFileType = wrapper.application; includeInIndex = 0; path = ShadowNews.app; sourceTree = BUILT_PRODUCTS_DIR; };
		C22E957219605FE8001B8745 /* Foundation.framework */ = {isa = PBXFileReference; lastKnownFileType = wrapper.framework; name = Foundation.framework; path = System/Library/Frameworks/Foundation.framework; sourceTree = SDKROOT; };
		C22E957419605FE8001B8745 /* CoreGraphics.framework */ = {isa = PBXFileReference; lastKnownFileType = wrapper.framework; name = CoreGraphics.framework; path = System/Library/Frameworks/CoreGraphics.framework; sourceTree = SDKROOT; };
		C22E957619605FE8001B8745 /* UIKit.framework */ = {isa = PBXFileReference; lastKnownFileType = wrapper.framework; name = UIKit.framework; path = System/Library/Frameworks/UIKit.framework; sourceTree = SDKROOT; };
		C22E957A19605FE8001B8745 /* ShadowNews-Info.plist */ = {isa = PBXFileReference; lastKnownFileType = text.plist.xml; path = "ShadowNews-Info.plist"; sourceTree = "<group>"; };
		C22E957C19605FE8001B8745 /* en */ = {isa = PBXFileReference; lastKnownFileType = text.plist.strings; name = en; path = en.lproj/InfoPlist.strings; sourceTree = "<group>"; };
		C22E957E19605FE8001B8745 /* main.m */ = {isa = PBXFileReference; lastKnownFileType = sourcecode.c.objc; path = main.m; sourceTree = "<group>"; };
		C22E958019605FE8001B8745 /* ShadowNews-Prefix.pch */ = {isa = PBXFileReference; lastKnownFileType = sourcecode.c.h; path = "ShadowNews-Prefix.pch"; sourceTree = "<group>"; };
		C22E958419605FE8001B8745 /* Images.xcassets */ = {isa = PBXFileReference; lastKnownFileType = folder.assetcatalog; path = Images.xcassets; sourceTree = "<group>"; };
		C22E958A19605FE8001B8745 /* ShadowNewsTests.xctest */ = {isa = PBXFileReference; explicitFileType = wrapper.cfbundle; includeInIndex = 0; path = ShadowNewsTests.xctest; sourceTree = BUILT_PRODUCTS_DIR; };
		C22E958B19605FE8001B8745 /* XCTest.framework */ = {isa = PBXFileReference; lastKnownFileType = wrapper.framework; name = XCTest.framework; path = Library/Frameworks/XCTest.framework; sourceTree = DEVELOPER_DIR; };
		C22E959319605FE8001B8745 /* ShadowNewsTests-Info.plist */ = {isa = PBXFileReference; lastKnownFileType = text.plist.xml; path = "ShadowNewsTests-Info.plist"; sourceTree = "<group>"; };
		C22E959519605FE8001B8745 /* en */ = {isa = PBXFileReference; lastKnownFileType = text.plist.strings; name = en; path = en.lproj/InfoPlist.strings; sourceTree = "<group>"; };
		C22E959719605FE8001B8745 /* ShadowNewsTests.m */ = {isa = PBXFileReference; lastKnownFileType = sourcecode.c.objc; path = ShadowNewsTests.m; sourceTree = "<group>"; };
		C22E95A119606399001B8745 /* README.md */ = {isa = PBXFileReference; fileEncoding = 4; lastKnownFileType = text; path = README.md; sourceTree = SOURCE_ROOT; };
		C22E95A5196063AC001B8745 /* SNAppDelegate.h */ = {isa = PBXFileReference; fileEncoding = 4; lastKnownFileType = sourcecode.c.h; path = SNAppDelegate.h; sourceTree = "<group>"; };
		C22E95A6196063AC001B8745 /* SNAppDelegate.m */ = {isa = PBXFileReference; fileEncoding = 4; lastKnownFileType = sourcecode.c.objc; path = SNAppDelegate.m; sourceTree = "<group>"; };
		C22E95AC196063AC001B8745 /* FMDatabase.h */ = {isa = PBXFileReference; fileEncoding = 4; lastKnownFileType = sourcecode.c.h; path = FMDatabase.h; sourceTree = "<group>"; };
		C22E95AD196063AC001B8745 /* FMDatabase.m */ = {isa = PBXFileReference; fileEncoding = 4; lastKnownFileType = sourcecode.c.objc; path = FMDatabase.m; sourceTree = "<group>"; };
		C22E95AE196063AC001B8745 /* FMDatabaseAdditions.h */ = {isa = PBXFileReference; fileEncoding = 4; lastKnownFileType = sourcecode.c.h; path = FMDatabaseAdditions.h; sourceTree = "<group>"; };
		C22E95AF196063AC001B8745 /* FMDatabaseAdditions.m */ = {isa = PBXFileReference; fileEncoding = 4; lastKnownFileType = sourcecode.c.objc; path = FMDatabaseAdditions.m; sourceTree = "<group>"; };
		C22E95B0196063AC001B8745 /* FMDatabasePool.h */ = {isa = PBXFileReference; fileEncoding = 4; lastKnownFileType = sourcecode.c.h; path = FMDatabasePool.h; sourceTree = "<group>"; };
		C22E95B1196063AC001B8745 /* FMDatabasePool.m */ = {isa = PBXFileReference; fileEncoding = 4; lastKnownFileType = sourcecode.c.objc; path = FMDatabasePool.m; sourceTree = "<group>"; };
		C22E95B2196063AC001B8745 /* FMDatabaseQueue.h */ = {isa = PBXFileReference; fileEncoding = 4; lastKnownFileType = sourcecode.c.h; path = FMDatabaseQueue.h; sourceTree = "<group>"; };
		C22E95B3196063AC001B8745 /* FMDatabaseQueue.m */ = {isa = PBXFileReference; fileEncoding = 4; lastKnownFileType = sourcecode.c.objc; path = FMDatabaseQueue.m; sourceTree = "<group>"; };
		C22E95B4196063AC001B8745 /* FMDB.h */ = {isa = PBXFileReference; fileEncoding = 4; lastKnownFileType = sourcecode.c.h; path = FMDB.h; sourceTree = "<group>"; };
		C22E95B5196063AC001B8745 /* FMResultSet.h */ = {isa = PBXFileReference; fileEncoding = 4; lastKnownFileType = sourcecode.c.h; path = FMResultSet.h; sourceTree = "<group>"; };
		C22E95B6196063AC001B8745 /* FMResultSet.m */ = {isa = PBXFileReference; fileEncoding = 4; lastKnownFileType = sourcecode.c.objc; path = FMResultSet.m; sourceTree = "<group>"; };
		C22E95BC196063AC001B8745 /* YFDataBase.h */ = {isa = PBXFileReference; fileEncoding = 4; lastKnownFileType = sourcecode.c.h; path = YFDataBase.h; sourceTree = "<group>"; };
		C22E95BD196063AC001B8745 /* YFDataBase.m */ = {isa = PBXFileReference; fileEncoding = 4; lastKnownFileType = sourcecode.c.objc; path = YFDataBase.m; sourceTree = "<group>"; };
		C2FC18371960EF0000610CCA /* SNShadowNewsModel.h */ = {isa = PBXFileReference; fileEncoding = 4; lastKnownFileType = sourcecode.c.h; path = SNShadowNewsModel.h; sourceTree = "<group>"; };
		C2FC18381960EF0000610CCA /* SNShadowNewsModel.m */ = {isa = PBXFileReference; fileEncoding = 4; lastKnownFileType = sourcecode.c.objc; path = SNShadowNewsModel.m; sourceTree = "<group>"; };
		C2FC183A1960EF3E00610CCA /* SNMainController.h */ = {isa = PBXFileReference; fileEncoding = 4; lastKnownFileType = sourcecode.c.h; path = SNMainController.h; sourceTree = "<group>"; };
		C2FC183B1960EF3E00610CCA /* SNMainController.m */ = {isa = PBXFileReference; fileEncoding = 4; lastKnownFileType = sourcecode.c.objc; path = SNMainController.m; sourceTree = "<group>"; };
		C2FC18781961032B00610CCA /* libsqlite3.0.dylib */ = {isa = PBXFileReference; lastKnownFileType = "compiled.mach-o.dylib"; name = libsqlite3.0.dylib; path = usr/lib/libsqlite3.0.dylib; sourceTree = SDKROOT; };
		C2FC187A1961037C00610CCA /* LICENSE.txt */ = {isa = PBXFileReference; lastKnownFileType = text; path = LICENSE.txt; sourceTree = "<group>"; };
		C2FC187B1961037C00610CCA /* README.markdown */ = {isa = PBXFileReference; lastKnownFileType = text; path = README.markdown; sourceTree = "<group>"; };
		C2FC187C1961039200610CCA /* LICENSE.txt */ = {isa = PBXFileReference; lastKnownFileType = text; path = LICENSE.txt; sourceTree = "<group>"; };
		C2FC187D1961039200610CCA /* README.md */ = {isa = PBXFileReference; lastKnownFileType = text; path = README.md; sourceTree = "<group>"; };
		C2FC187F1961104F00610CCA /* AFHTTPRequestOperation.h */ = {isa = PBXFileReference; fileEncoding = 4; lastKnownFileType = sourcecode.c.h; path = AFHTTPRequestOperation.h; sourceTree = "<group>"; };
		C2FC18801961104F00610CCA /* AFHTTPRequestOperation.m */ = {isa = PBXFileReference; fileEncoding = 4; lastKnownFileType = sourcecode.c.objc; path = AFHTTPRequestOperation.m; sourceTree = "<group>"; };
		C2FC18811961104F00610CCA /* AFHTTPRequestOperationManager.h */ = {isa = PBXFileReference; fileEncoding = 4; lastKnownFileType = sourcecode.c.h; path = AFHTTPRequestOperationManager.h; sourceTree = "<group>"; };
		C2FC18821961104F00610CCA /* AFHTTPRequestOperationManager.m */ = {isa = PBXFileReference; fileEncoding = 4; lastKnownFileType = sourcecode.c.objc; path = AFHTTPRequestOperationManager.m; sourceTree = "<group>"; };
		C2FC18831961104F00610CCA /* AFHTTPSessionManager.h */ = {isa = PBXFileReference; fileEncoding = 4; lastKnownFileType = sourcecode.c.h; path = AFHTTPSessionManager.h; sourceTree = "<group>"; };
		C2FC18841961104F00610CCA /* AFHTTPSessionManager.m */ = {isa = PBXFileReference; fileEncoding = 4; lastKnownFileType = sourcecode.c.objc; path = AFHTTPSessionManager.m; sourceTree = "<group>"; };
		C2FC18851961104F00610CCA /* AFNetworking.h */ = {isa = PBXFileReference; fileEncoding = 4; lastKnownFileType = sourcecode.c.h; path = AFNetworking.h; sourceTree = "<group>"; };
		C2FC18861961104F00610CCA /* AFNetworkReachabilityManager.h */ = {isa = PBXFileReference; fileEncoding = 4; lastKnownFileType = sourcecode.c.h; path = AFNetworkReachabilityManager.h; sourceTree = "<group>"; };
		C2FC18871961104F00610CCA /* AFNetworkReachabilityManager.m */ = {isa = PBXFileReference; fileEncoding = 4; lastKnownFileType = sourcecode.c.objc; path = AFNetworkReachabilityManager.m; sourceTree = "<group>"; };
		C2FC18881961104F00610CCA /* AFSecurityPolicy.h */ = {isa = PBXFileReference; fileEncoding = 4; lastKnownFileType = sourcecode.c.h; path = AFSecurityPolicy.h; sourceTree = "<group>"; };
		C2FC18891961104F00610CCA /* AFSecurityPolicy.m */ = {isa = PBXFileReference; fileEncoding = 4; lastKnownFileType = sourcecode.c.objc; path = AFSecurityPolicy.m; sourceTree = "<group>"; };
		C2FC188A1961104F00610CCA /* AFURLConnectionOperation.h */ = {isa = PBXFileReference; fileEncoding = 4; lastKnownFileType = sourcecode.c.h; path = AFURLConnectionOperation.h; sourceTree = "<group>"; };
		C2FC188B1961104F00610CCA /* AFURLConnectionOperation.m */ = {isa = PBXFileReference; fileEncoding = 4; lastKnownFileType = sourcecode.c.objc; path = AFURLConnectionOperation.m; sourceTree = "<group>"; };
		C2FC188C1961104F00610CCA /* AFURLRequestSerialization.h */ = {isa = PBXFileReference; fileEncoding = 4; lastKnownFileType = sourcecode.c.h; path = AFURLRequestSerialization.h; sourceTree = "<group>"; };
		C2FC188D1961104F00610CCA /* AFURLRequestSerialization.m */ = {isa = PBXFileReference; fileEncoding = 4; lastKnownFileType = sourcecode.c.objc; path = AFURLRequestSerialization.m; sourceTree = "<group>"; };
		C2FC188E1961104F00610CCA /* AFURLResponseSerialization.h */ = {isa = PBXFileReference; fileEncoding = 4; lastKnownFileType = sourcecode.c.h; path = AFURLResponseSerialization.h; sourceTree = "<group>"; };
		C2FC188F1961104F00610CCA /* AFURLResponseSerialization.m */ = {isa = PBXFileReference; fileEncoding = 4; lastKnownFileType = sourcecode.c.objc; path = AFURLResponseSerialization.m; sourceTree = "<group>"; };
		C2FC18901961104F00610CCA /* AFURLSessionManager.h */ = {isa = PBXFileReference; fileEncoding = 4; lastKnownFileType = sourcecode.c.h; path = AFURLSessionManager.h; sourceTree = "<group>"; };
		C2FC18911961104F00610CCA /* AFURLSessionManager.m */ = {isa = PBXFileReference; fileEncoding = 4; lastKnownFileType = sourcecode.c.objc; path = AFURLSessionManager.m; sourceTree = "<group>"; };
		C2FC189B1961106D00610CCA /* LICENSE */ = {isa = PBXFileReference; lastKnownFileType = text; path = LICENSE; sourceTree = "<group>"; };
		C2FC189C1961106D00610CCA /* README.md */ = {isa = PBXFileReference; lastKnownFileType = text; path = README.md; sourceTree = "<group>"; };
		C2FC18A11961165400610CCA /* SNNavigationController.h */ = {isa = PBXFileReference; fileEncoding = 4; lastKnownFileType = sourcecode.c.h; path = SNNavigationController.h; sourceTree = "<group>"; };
		C2FC18A21961165400610CCA /* SNNavigationController.m */ = {isa = PBXFileReference; fileEncoding = 4; lastKnownFileType = sourcecode.c.objc; path = SNNavigationController.m; sourceTree = "<group>"; };
		C2FC18A51961175A00610CCA /* Base64.h */ = {isa = PBXFileReference; fileEncoding = 4; lastKnownFileType = sourcecode.c.h; path = Base64.h; sourceTree = "<group>"; };
		C2FC18A61961175A00610CCA /* Base64.m */ = {isa = PBXFileReference; fileEncoding = 4; lastKnownFileType = sourcecode.c.objc; path = Base64.m; sourceTree = "<group>"; };
		C2FC18A81961178600610CCA /* LICENCE.md */ = {isa = PBXFileReference; lastKnownFileType = text; path = LICENCE.md; sourceTree = "<group>"; };
		C2FC18A91961178600610CCA /* README.md */ = {isa = PBXFileReference; lastKnownFileType = text; path = README.md; sourceTree = "<group>"; };
		C2FC18AA1961231F00610CCA /* bug.md */ = {isa = PBXFileReference; fileEncoding = 4; lastKnownFileType = text; path = bug.md; sourceTree = "<group>"; };
/* End PBXFileReference section */

/* Begin PBXFrameworksBuildPhase section */
		C22E956C19605FE8001B8745 /* Frameworks */ = {
			isa = PBXFrameworksBuildPhase;
			buildActionMask = 2147483647;
			files = (
				C2FC18791961032B00610CCA /* libsqlite3.0.dylib in Frameworks */,
				C22E957519605FE8001B8745 /* CoreGraphics.framework in Frameworks */,
				C22E957719605FE8001B8745 /* UIKit.framework in Frameworks */,
				C22E957319605FE8001B8745 /* Foundation.framework in Frameworks */,
			);
			runOnlyForDeploymentPostprocessing = 0;
		};
		C22E958719605FE8001B8745 /* Frameworks */ = {
			isa = PBXFrameworksBuildPhase;
			buildActionMask = 2147483647;
			files = (
				C22E958C19605FE8001B8745 /* XCTest.framework in Frameworks */,
				C22E958E19605FE8001B8745 /* UIKit.framework in Frameworks */,
				C22E958D19605FE8001B8745 /* Foundation.framework in Frameworks */,
			);
			runOnlyForDeploymentPostprocessing = 0;
		};
/* End PBXFrameworksBuildPhase section */

/* Begin PBXGroup section */
		C22E956619605FE8001B8745 = {
			isa = PBXGroup;
			children = (
				C22E957819605FE8001B8745 /* ShadowNews */,
				C22E959119605FE8001B8745 /* ShadowNewsTests */,
				C22E957119605FE8001B8745 /* Frameworks */,
				C22E957019605FE8001B8745 /* Products */,
			);
			sourceTree = "<group>";
		};
		C22E957019605FE8001B8745 /* Products */ = {
			isa = PBXGroup;
			children = (
				C22E956F19605FE8001B8745 /* ShadowNews.app */,
				C22E958A19605FE8001B8745 /* ShadowNewsTests.xctest */,
			);
			name = Products;
			sourceTree = "<group>";
		};
		C22E957119605FE8001B8745 /* Frameworks */ = {
			isa = PBXGroup;
			children = (
				C2FC18781961032B00610CCA /* libsqlite3.0.dylib */,
				C22E957219605FE8001B8745 /* Foundation.framework */,
				C22E957419605FE8001B8745 /* CoreGraphics.framework */,
				C22E957619605FE8001B8745 /* UIKit.framework */,
				C22E958B19605FE8001B8745 /* XCTest.framework */,
			);
			name = Frameworks;
			sourceTree = "<group>";
		};
		C22E957819605FE8001B8745 /* ShadowNews */ = {
			isa = PBXGroup;
			children = (
				C22E95A3196063AC001B8745 /* Class */,
				C22E95BF196063AC001B8745 /* Resources */,
				C22E957919605FE8001B8745 /* Supporting Files */,
			);
			path = ShadowNews;
			sourceTree = "<group>";
		};
		C22E957919605FE8001B8745 /* Supporting Files */ = {
			isa = PBXGroup;
			children = (
				C22E95A119606399001B8745 /* README.md */,
				C22E957A19605FE8001B8745 /* ShadowNews-Info.plist */,
				C22E957B19605FE8001B8745 /* InfoPlist.strings */,
				C22E957E19605FE8001B8745 /* main.m */,
				C22E958019605FE8001B8745 /* ShadowNews-Prefix.pch */,
				C22E958419605FE8001B8745 /* Images.xcassets */,
			);
			name = "Supporting Files";
			sourceTree = "<group>";
		};
		C22E959119605FE8001B8745 /* ShadowNewsTests */ = {
			isa = PBXGroup;
			children = (
				C22E959719605FE8001B8745 /* ShadowNewsTests.m */,
				C22E959219605FE8001B8745 /* Supporting Files */,
			);
			path = ShadowNewsTests;
			sourceTree = "<group>";
		};
		C22E959219605FE8001B8745 /* Supporting Files */ = {
			isa = PBXGroup;
			children = (
				C22E959319605FE8001B8745 /* ShadowNewsTests-Info.plist */,
				C22E959419605FE8001B8745 /* InfoPlist.strings */,
			);
			name = "Supporting Files";
			sourceTree = "<group>";
		};
		C22E95A3196063AC001B8745 /* Class */ = {
			isa = PBXGroup;
			children = (
				C22E95A4196063AC001B8745 /* AppDelegate */,
				C22E95A7196063AC001B8745 /* Controller */,
				C22E95A9196063AC001B8745 /* Model */,
				C22E95BE196063AC001B8745 /* Scence */,
				C22E95AA196063AC001B8745 /* OpenSource */,
				C22E95A8196063AC001B8745 /* Helper */,
			);
			path = Class;
			sourceTree = "<group>";
		};
		C22E95A4196063AC001B8745 /* AppDelegate */ = {
			isa = PBXGroup;
			children = (
				C22E95A5196063AC001B8745 /* SNAppDelegate.h */,
				C22E95A6196063AC001B8745 /* SNAppDelegate.m */,
			);
			path = AppDelegate;
			sourceTree = "<group>";
		};
		C22E95A7196063AC001B8745 /* Controller */ = {
			isa = PBXGroup;
			children = (
				C2FC183A1960EF3E00610CCA /* SNMainController.h */,
				C2FC183B1960EF3E00610CCA /* SNMainController.m */,
			);
			path = Controller;
			sourceTree = "<group>";
		};
		C22E95A8196063AC001B8745 /* Helper */ = {
			isa = PBXGroup;
			children = (
				C2FC18AA1961231F00610CCA /* bug.md */,
			);
			path = Helper;
			sourceTree = "<group>";
		};
		C22E95A9196063AC001B8745 /* Model */ = {
			isa = PBXGroup;
			children = (
				C2FC18371960EF0000610CCA /* SNShadowNewsModel.h */,
				C2FC18381960EF0000610CCA /* SNShadowNewsModel.m */,
			);
			path = Model;
			sourceTree = "<group>";
		};
		C22E95AA196063AC001B8745 /* OpenSource */ = {
			isa = PBXGroup;
			children = (
				C2FC18A41961175A00610CCA /* Base64 */,
				C2FC187E1961104F00610CCA /* AFNetworking */,
				C22E95AB196063AC001B8745 /* fmdb */,
				C22E95B9196063AC001B8745 /* FMDB-ActiveRecord */,
			);
			path = OpenSource;
			sourceTree = "<group>";
		};
		C22E95AB196063AC001B8745 /* fmdb */ = {
			isa = PBXGroup;
			children = (
				C2FC187A1961037C00610CCA /* LICENSE.txt */,
				C2FC187B1961037C00610CCA /* README.markdown */,
				C22E95AC196063AC001B8745 /* FMDatabase.h */,
				C22E95AD196063AC001B8745 /* FMDatabase.m */,
				C22E95AE196063AC001B8745 /* FMDatabaseAdditions.h */,
				C22E95AF196063AC001B8745 /* FMDatabaseAdditions.m */,
				C22E95B0196063AC001B8745 /* FMDatabasePool.h */,
				C22E95B1196063AC001B8745 /* FMDatabasePool.m */,
				C22E95B2196063AC001B8745 /* FMDatabaseQueue.h */,
				C22E95B3196063AC001B8745 /* FMDatabaseQueue.m */,
				C22E95B4196063AC001B8745 /* FMDB.h */,
				C22E95B5196063AC001B8745 /* FMResultSet.h */,
				C22E95B6196063AC001B8745 /* FMResultSet.m */,
			);
			path = fmdb;
			sourceTree = "<group>";
		};
		C22E95B9196063AC001B8745 /* FMDB-ActiveRecord */ = {
			isa = PBXGroup;
			children = (
				C2FC187C1961039200610CCA /* LICENSE.txt */,
				C2FC187D1961039200610CCA /* README.md */,
				C22E95BC196063AC001B8745 /* YFDataBase.h */,
				C22E95BD196063AC001B8745 /* YFDataBase.m */,
			);
			path = "FMDB-ActiveRecord";
			sourceTree = "<group>";
		};
		C22E95BE196063AC001B8745 /* Scence */ = {
			isa = PBXGroup;
			children = (
				C2FC18A01961165400610CCA /* news */,
			);
			path = Scence;
			sourceTree = "<group>";
		};
		C22E95BF196063AC001B8745 /* Resources */ = {
			isa = PBXGroup;
			children = (
			);
			path = Resources;
			sourceTree = "<group>";
		};
		C2FC187E1961104F00610CCA /* AFNetworking */ = {
			isa = PBXGroup;
			children = (
				C2FC189B1961106D00610CCA /* LICENSE */,
				C2FC189C1961106D00610CCA /* README.md */,
				C2FC187F1961104F00610CCA /* AFHTTPRequestOperation.h */,
				C2FC18801961104F00610CCA /* AFHTTPRequestOperation.m */,
				C2FC18811961104F00610CCA /* AFHTTPRequestOperationManager.h */,
				C2FC18821961104F00610CCA /* AFHTTPRequestOperationManager.m */,
				C2FC18831961104F00610CCA /* AFHTTPSessionManager.h */,
				C2FC18841961104F00610CCA /* AFHTTPSessionManager.m */,
				C2FC18851961104F00610CCA /* AFNetworking.h */,
				C2FC18861961104F00610CCA /* AFNetworkReachabilityManager.h */,
				C2FC18871961104F00610CCA /* AFNetworkReachabilityManager.m */,
				C2FC18881961104F00610CCA /* AFSecurityPolicy.h */,
				C2FC18891961104F00610CCA /* AFSecurityPolicy.m */,
				C2FC188A1961104F00610CCA /* AFURLConnectionOperation.h */,
				C2FC188B1961104F00610CCA /* AFURLConnectionOperation.m */,
				C2FC188C1961104F00610CCA /* AFURLRequestSerialization.h */,
				C2FC188D1961104F00610CCA /* AFURLRequestSerialization.m */,
				C2FC188E1961104F00610CCA /* AFURLResponseSerialization.h */,
				C2FC188F1961104F00610CCA /* AFURLResponseSerialization.m */,
				C2FC18901961104F00610CCA /* AFURLSessionManager.h */,
				C2FC18911961104F00610CCA /* AFURLSessionManager.m */,
			);
			name = AFNetworking;
			path = "../../../../../../Downloads/AFNetworking-master/AFNetworking";
			sourceTree = "<group>";
		};
		C2FC18A01961165400610CCA /* news */ = {
			isa = PBXGroup;
			children = (
				C2FC18A11961165400610CCA /* SNNavigationController.h */,
				C2FC18A21961165400610CCA /* SNNavigationController.m */,
			);
			path = news;
			sourceTree = "<group>";
		};
		C2FC18A41961175A00610CCA /* Base64 */ = {
			isa = PBXGroup;
			children = (
				C2FC18A81961178600610CCA /* LICENCE.md */,
				C2FC18A91961178600610CCA /* README.md */,
				C2FC18A51961175A00610CCA /* Base64.h */,
				C2FC18A61961175A00610CCA /* Base64.m */,
			);
			path = Base64;
			sourceTree = "<group>";
		};
/* End PBXGroup section */

/* Begin PBXNativeTarget section */
		C22E956E19605FE8001B8745 /* ShadowNews */ = {
			isa = PBXNativeTarget;
			buildConfigurationList = C22E959B19605FE8001B8745 /* Build configuration list for PBXNativeTarget "ShadowNews" */;
			buildPhases = (
				C22E956B19605FE8001B8745 /* Sources */,
				C22E956C19605FE8001B8745 /* Frameworks */,
				C22E956D19605FE8001B8745 /* Resources */,
			);
			buildRules = (
			);
			dependencies = (
			);
			name = ShadowNews;
			productName = ShadowNews;
			productReference = C22E956F19605FE8001B8745 /* ShadowNews.app */;
			productType = "com.apple.product-type.application";
		};
		C22E958919605FE8001B8745 /* ShadowNewsTests */ = {
			isa = PBXNativeTarget;
			buildConfigurationList = C22E959E19605FE8001B8745 /* Build configuration list for PBXNativeTarget "ShadowNewsTests" */;
			buildPhases = (
				C22E958619605FE8001B8745 /* Sources */,
				C22E958719605FE8001B8745 /* Frameworks */,
				C22E958819605FE8001B8745 /* Resources */,
			);
			buildRules = (
			);
			dependencies = (
				C22E959019605FE8001B8745 /* PBXTargetDependency */,
			);
			name = ShadowNewsTests;
			productName = ShadowNewsTests;
			productReference = C22E958A19605FE8001B8745 /* ShadowNewsTests.xctest */;
			productType = "com.apple.product-type.bundle.unit-test";
		};
/* End PBXNativeTarget section */

/* Begin PBXProject section */
		C22E956719605FE8001B8745 /* Project object */ = {
			isa = PBXProject;
			attributes = {
				CLASSPREFIX = SN;
				LastUpgradeCheck = 0510;
				ORGANIZATIONNAME = ShadowNews;
				TargetAttributes = {
					C22E958919605FE8001B8745 = {
						TestTargetID = C22E956E19605FE8001B8745;
					};
				};
			};
			buildConfigurationList = C22E956A19605FE8001B8745 /* Build configuration list for PBXProject "ShadowNews" */;
			compatibilityVersion = "Xcode 3.2";
			developmentRegion = English;
			hasScannedForEncodings = 0;
			knownRegions = (
				en,
			);
			mainGroup = C22E956619605FE8001B8745;
			productRefGroup = C22E957019605FE8001B8745 /* Products */;
			projectDirPath = "";
			projectRoot = "";
			targets = (
				C22E956E19605FE8001B8745 /* ShadowNews */,
				C22E958919605FE8001B8745 /* ShadowNewsTests */,
			);
		};
/* End PBXProject section */

/* Begin PBXResourcesBuildPhase section */
		C22E956D19605FE8001B8745 /* Resources */ = {
			isa = PBXResourcesBuildPhase;
			buildActionMask = 2147483647;
			files = (
				C22E95A219606399001B8745 /* README.md in Resources */,
				C22E957D19605FE8001B8745 /* InfoPlist.strings in Resources */,
				C22E958519605FE8001B8745 /* Images.xcassets in Resources */,
				C2FC18AB1961231F00610CCA /* bug.md in Resources */,
			);
			runOnlyForDeploymentPostprocessing = 0;
		};
		C22E958819605FE8001B8745 /* Resources */ = {
			isa = PBXResourcesBuildPhase;
			buildActionMask = 2147483647;
			files = (
				C22E959619605FE8001B8745 /* InfoPlist.strings in Resources */,
			);
			runOnlyForDeploymentPostprocessing = 0;
		};
/* End PBXResourcesBuildPhase section */

/* Begin PBXSourcesBuildPhase section */
		C22E956B19605FE8001B8745 /* Sources */ = {
			isa = PBXSourcesBuildPhase;
			buildActionMask = 2147483647;
			files = (
				C2FC18971961104F00610CCA /* AFURLConnectionOperation.m in Sources */,
				C22E95C1196063AC001B8745 /* FMDatabase.m in Sources */,
				C2FC18A31961165400610CCA /* SNNavigationController.m in Sources */,
				C2FC18961961104F00610CCA /* AFSecurityPolicy.m in Sources */,
				C22E957F19605FE8001B8745 /* main.m in Sources */,
				C2FC18931961104F00610CCA /* AFHTTPRequestOperationManager.m in Sources */,
				C2FC18391960EF0000610CCA /* SNShadowNewsModel.m in Sources */,
				C2FC18A71961175A00610CCA /* Base64.m in Sources */,
				C22E95C5196063AC001B8745 /* FMResultSet.m in Sources */,
				C22E95CA196063AC001B8745 /* YFDataBase.m in Sources */,
				C2FC183C1960EF3E00610CCA /* SNMainController.m in Sources */,
				C22E95C3196063AC001B8745 /* FMDatabasePool.m in Sources */,
				C2FC189A1961104F00610CCA /* AFURLSessionManager.m in Sources */,
				C2FC18991961104F00610CCA /* AFURLResponseSerialization.m in Sources */,
				C22E95C0196063AC001B8745 /* SNAppDelegate.m in Sources */,
				C22E95C2196063AC001B8745 /* FMDatabaseAdditions.m in Sources */,
				C2FC18981961104F00610CCA /* AFURLRequestSerialization.m in Sources */,
				C2FC18951961104F00610CCA /* AFNetworkReachabilityManager.m in Sources */,
				C22E95C4196063AC001B8745 /* FMDatabaseQueue.m in Sources */,
				C2FC18921961104F00610CCA /* AFHTTPRequestOperation.m in Sources */,
				C2FC18941961104F00610CCA /* AFHTTPSessionManager.m in Sources */,
			);
			runOnlyForDeploymentPostprocessing = 0;
		};
		C22E958619605FE8001B8745 /* Sources */ = {
			isa = PBXSourcesBuildPhase;
			buildActionMask = 2147483647;
			files = (
				C22E959819605FE8001B8745 /* ShadowNewsTests.m in Sources */,
			);
			runOnlyForDeploymentPostprocessing = 0;
		};
/* End PBXSourcesBuildPhase section */

/* Begin PBXTargetDependency section */
		C22E959019605FE8001B8745 /* PBXTargetDependency */ = {
			isa = PBXTargetDependency;
			target = C22E956E19605FE8001B8745 /* ShadowNews */;
			targetProxy = C22E958F19605FE8001B8745 /* PBXContainerItemProxy */;
		};
/* End PBXTargetDependency section */

/* Begin PBXVariantGroup section */
		C22E957B19605FE8001B8745 /* InfoPlist.strings */ = {
			isa = PBXVariantGroup;
			children = (
				C22E957C19605FE8001B8745 /* en */,
			);
			name = InfoPlist.strings;
			sourceTree = "<group>";
		};
		C22E959419605FE8001B8745 /* InfoPlist.strings */ = {
			isa = PBXVariantGroup;
			children = (
				C22E959519605FE8001B8745 /* en */,
			);
			name = InfoPlist.strings;
			sourceTree = "<group>";
		};
/* End PBXVariantGroup section */

/* Begin XCBuildConfiguration section */
		C22E959919605FE8001B8745 /* Debug */ = {
			isa = XCBuildConfiguration;
			buildSettings = {
				ALWAYS_SEARCH_USER_PATHS = NO;
				CLANG_CXX_LANGUAGE_STANDARD = "gnu++0x";
				CLANG_CXX_LIBRARY = "libc++";
				CLANG_ENABLE_MODULES = YES;
				CLANG_ENABLE_OBJC_ARC = YES;
				CLANG_WARN_BOOL_CONVERSION = YES;
				CLANG_WARN_CONSTANT_CONVERSION = YES;
				CLANG_WARN_DIRECT_OBJC_ISA_USAGE = YES_ERROR;
				CLANG_WARN_EMPTY_BODY = YES;
				CLANG_WARN_ENUM_CONVERSION = YES;
				CLANG_WARN_INT_CONVERSION = YES;
				CLANG_WARN_OBJC_ROOT_CLASS = YES_ERROR;
				CLANG_WARN__DUPLICATE_METHOD_MATCH = YES;
				"CODE_SIGN_IDENTITY[sdk=iphoneos*]" = "iPhone Developer";
				COPY_PHASE_STRIP = NO;
				GCC_C_LANGUAGE_STANDARD = gnu99;
				GCC_DYNAMIC_NO_PIC = NO;
				GCC_OPTIMIZATION_LEVEL = 0;
				GCC_PREPROCESSOR_DEFINITIONS = (
					"DEBUG=1",
					"$(inherited)",
				);
				GCC_SYMBOLS_PRIVATE_EXTERN = NO;
				GCC_WARN_64_TO_32_BIT_CONVERSION = YES;
				GCC_WARN_ABOUT_RETURN_TYPE = YES_ERROR;
				GCC_WARN_UNDECLARED_SELECTOR = YES;
				GCC_WARN_UNINITIALIZED_AUTOS = YES_AGGRESSIVE;
				GCC_WARN_UNUSED_FUNCTION = YES;
				GCC_WARN_UNUSED_VARIABLE = YES;
				IPHONEOS_DEPLOYMENT_TARGET = 7.1;
				ONLY_ACTIVE_ARCH = YES;
				SDKROOT = iphoneos;
				TARGETED_DEVICE_FAMILY = "1,2";
			};
			name = Debug;
		};
		C22E959A19605FE8001B8745 /* Release */ = {
			isa = XCBuildConfiguration;
			buildSettings = {
				ALWAYS_SEARCH_USER_PATHS = NO;
				CLANG_CXX_LANGUAGE_STANDARD = "gnu++0x";
				CLANG_CXX_LIBRARY = "libc++";
				CLANG_ENABLE_MODULES = YES;
				CLANG_ENABLE_OBJC_ARC = YES;
				CLANG_WARN_BOOL_CONVERSION = YES;
				CLANG_WARN_CONSTANT_CONVERSION = YES;
				CLANG_WARN_DIRECT_OBJC_ISA_USAGE = YES_ERROR;
				CLANG_WARN_EMPTY_BODY = YES;
				CLANG_WARN_ENUM_CONVERSION = YES;
				CLANG_WARN_INT_CONVERSION = YES;
				CLANG_WARN_OBJC_ROOT_CLASS = YES_ERROR;
				CLANG_WARN__DUPLICATE_METHOD_MATCH = YES;
				"CODE_SIGN_IDENTITY[sdk=iphoneos*]" = "iPhone Developer";
				COPY_PHASE_STRIP = YES;
				ENABLE_NS_ASSERTIONS = NO;
				GCC_C_LANGUAGE_STANDARD = gnu99;
				GCC_WARN_64_TO_32_BIT_CONVERSION = YES;
				GCC_WARN_ABOUT_RETURN_TYPE = YES_ERROR;
				GCC_WARN_UNDECLARED_SELECTOR = YES;
				GCC_WARN_UNINITIALIZED_AUTOS = YES_AGGRESSIVE;
				GCC_WARN_UNUSED_FUNCTION = YES;
				GCC_WARN_UNUSED_VARIABLE = YES;
				IPHONEOS_DEPLOYMENT_TARGET = 7.1;
				SDKROOT = iphoneos;
				TARGETED_DEVICE_FAMILY = "1,2";
				VALIDATE_PRODUCT = YES;
			};
			name = Release;
		};
		C22E959C19605FE8001B8745 /* Debug */ = {
			isa = XCBuildConfiguration;
			buildSettings = {
				ASSETCATALOG_COMPILER_APPICON_NAME = AppIcon;
				ASSETCATALOG_COMPILER_LAUNCHIMAGE_NAME = LaunchImage;
				CLANG_ENABLE_OBJC_ARC = NO;
				GCC_PRECOMPILE_PREFIX_HEADER = YES;
				GCC_PREFIX_HEADER = "ShadowNews/ShadowNews-Prefix.pch";
				INFOPLIST_FILE = "ShadowNews/ShadowNews-Info.plist";
				PRODUCT_NAME = "$(TARGET_NAME)";
				WRAPPER_EXTENSION = app;
			};
			name = Debug;
		};
		C22E959D19605FE8001B8745 /* Release */ = {
			isa = XCBuildConfiguration;
			buildSettings = {
				ASSETCATALOG_COMPILER_APPICON_NAME = AppIcon;
				ASSETCATALOG_COMPILER_LAUNCHIMAGE_NAME = LaunchImage;
				CLANG_ENABLE_OBJC_ARC = NO;
				GCC_PRECOMPILE_PREFIX_HEADER = YES;
				GCC_PREFIX_HEADER = "ShadowNews/ShadowNews-Prefix.pch";
				INFOPLIST_FILE = "ShadowNews/ShadowNews-Info.plist";
				PRODUCT_NAME = "$(TARGET_NAME)";
				WRAPPER_EXTENSION = app;
			};
			name = Release;
		};
		C22E959F19605FE8001B8745 /* Debug */ = {
			isa = XCBuildConfiguration;
			buildSettings = {
				BUNDLE_LOADER = "$(BUILT_PRODUCTS_DIR)/ShadowNews.app/ShadowNews";
				FRAMEWORK_SEARCH_PATHS = (
					"$(SDKROOT)/Developer/Library/Frameworks",
					"$(inherited)",
					"$(DEVELOPER_FRAMEWORKS_DIR)",
				);
				GCC_PRECOMPILE_PREFIX_HEADER = YES;
				GCC_PREFIX_HEADER = "ShadowNews/ShadowNews-Prefix.pch";
				GCC_PREPROCESSOR_DEFINITIONS = (
					"DEBUG=1",
					"$(inherited)",
				);
				INFOPLIST_FILE = "ShadowNewsTests/ShadowNewsTests-Info.plist";
				PRODUCT_NAME = "$(TARGET_NAME)";
				TEST_HOST = "$(BUNDLE_LOADER)";
				WRAPPER_EXTENSION = xctest;
			};
			name = Debug;
		};
		C22E95A019605FE8001B8745 /* Release */ = {
			isa = XCBuildConfiguration;
			buildSettings = {
				BUNDLE_LOADER = "$(BUILT_PRODUCTS_DIR)/ShadowNews.app/ShadowNews";
				FRAMEWORK_SEARCH_PATHS = (
					"$(SDKROOT)/Developer/Library/Frameworks",
					"$(inherited)",
					"$(DEVELOPER_FRAMEWORKS_DIR)",
				);
				GCC_PRECOMPILE_PREFIX_HEADER = YES;
				GCC_PREFIX_HEADER = "ShadowNews/ShadowNews-Prefix.pch";
				INFOPLIST_FILE = "ShadowNewsTests/ShadowNewsTests-Info.plist";
				PRODUCT_NAME = "$(TARGET_NAME)";
				TEST_HOST = "$(BUNDLE_LOADER)";
				WRAPPER_EXTENSION = xctest;
			};
			name = Release;
		};
/* End XCBuildConfiguration section */

/* Begin XCConfigurationList section */
		C22E956A19605FE8001B8745 /* Build configuration list for PBXProject "ShadowNews" */ = {
			isa = XCConfigurationList;
			buildConfigurations = (
				C22E959919605FE8001B8745 /* Debug */,
				C22E959A19605FE8001B8745 /* Release */,
			);
			defaultConfigurationIsVisible = 0;
			defaultConfigurationName = Release;
		};
		C22E959B19605FE8001B8745 /* Build configuration list for PBXNativeTarget "ShadowNews" */ = {
			isa = XCConfigurationList;
			buildConfigurations = (
				C22E959C19605FE8001B8745 /* Debug */,
				C22E959D19605FE8001B8745 /* Release */,
			);
			defaultConfigurationIsVisible = 0;
			defaultConfigurationName = Release;
		};
		C22E959E19605FE8001B8745 /* Build configuration list for PBXNativeTarget "ShadowNewsTests" */ = {
			isa = XCConfigurationList;
			buildConfigurations = (
				C22E959F19605FE8001B8745 /* Debug */,
				C22E95A019605FE8001B8745 /* Release */,
			);
			defaultConfigurationIsVisible = 0;
			defaultConfigurationName = Release;
		};
/* End XCConfigurationList section */
	};
	rootObject = C22E956719605FE8001B8745 /* Project object */;
}
